// !$*UTF8*$!
{
	archiveVersion = 1;
	classes = {
	};
	objectVersion = 55;
	objects = {

/* Begin PBXBuildFile section */
		EAD3B9562851785500AE46D7 /* Tests_iOS.swift in Sources */ = {isa = PBXBuildFile; fileRef = EAD3B9552851785500AE46D7 /* Tests_iOS.swift */; };
		EAD3B9582851785500AE46D7 /* Tests_iOSLaunchTests.swift in Sources */ = {isa = PBXBuildFile; fileRef = EAD3B9572851785500AE46D7 /* Tests_iOSLaunchTests.swift */; };
		EAD3B9622851785500AE46D7 /* Tests_macOS.swift in Sources */ = {isa = PBXBuildFile; fileRef = EAD3B9612851785500AE46D7 /* Tests_macOS.swift */; };
		EAD3B9642851785500AE46D7 /* Tests_macOSLaunchTests.swift in Sources */ = {isa = PBXBuildFile; fileRef = EAD3B9632851785500AE46D7 /* Tests_macOSLaunchTests.swift */; };
		EAD3B9652851785500AE46D7 /* ExamenPhinderApp.swift in Sources */ = {isa = PBXBuildFile; fileRef = EAD3B93D2851785200AE46D7 /* ExamenPhinderApp.swift */; };
		EAD3B9662851785500AE46D7 /* ExamenPhinderApp.swift in Sources */ = {isa = PBXBuildFile; fileRef = EAD3B93D2851785200AE46D7 /* ExamenPhinderApp.swift */; };
		EAD3B9672851785500AE46D7 /* ContentView.swift in Sources */ = {isa = PBXBuildFile; fileRef = EAD3B93E2851785200AE46D7 /* ContentView.swift */; };
		EAD3B9682851785500AE46D7 /* ContentView.swift in Sources */ = {isa = PBXBuildFile; fileRef = EAD3B93E2851785200AE46D7 /* ContentView.swift */; };
		EAD3B9692851785500AE46D7 /* Assets.xcassets in Resources */ = {isa = PBXBuildFile; fileRef = EAD3B93F2851785500AE46D7 /* Assets.xcassets */; };
		EAD3B96A2851785500AE46D7 /* Assets.xcassets in Resources */ = {isa = PBXBuildFile; fileRef = EAD3B93F2851785500AE46D7 /* Assets.xcassets */; };
/* End PBXBuildFile section */

/* Begin PBXContainerItemProxy section */
		EAD3B9522851785500AE46D7 /* PBXContainerItemProxy */ = {
			isa = PBXContainerItemProxy;
			containerPortal = EAD3B9382851785200AE46D7 /* Project object */;
			proxyType = 1;
			remoteGlobalIDString = EAD3B9432851785500AE46D7;
			remoteInfo = "ExamenPhinder (iOS)";
		};
		EAD3B95E2851785500AE46D7 /* PBXContainerItemProxy */ = {
			isa = PBXContainerItemProxy;
			containerPortal = EAD3B9382851785200AE46D7 /* Project object */;
			proxyType = 1;
			remoteGlobalIDString = EAD3B9492851785500AE46D7;
			remoteInfo = "ExamenPhinder (macOS)";
		};
/* End PBXContainerItemProxy section */

/* Begin PBXFileReference section */
		EAD3B93D2851785200AE46D7 /* ExamenPhinderApp.swift */ = {isa = PBXFileReference; lastKnownFileType = sourcecode.swift; path = ExamenPhinderApp.swift; sourceTree = "<group>"; };
		EAD3B93E2851785200AE46D7 /* ContentView.swift */ = {isa = PBXFileReference; lastKnownFileType = sourcecode.swift; path = ContentView.swift; sourceTree = "<group>"; };
		EAD3B93F2851785500AE46D7 /* Assets.xcassets */ = {isa = PBXFileReference; lastKnownFileType = folder.assetcatalog; path = Assets.xcassets; sourceTree = "<group>"; };
		EAD3B9442851785500AE46D7 /* ExamenPhinder.app */ = {isa = PBXFileReference; explicitFileType = wrapper.application; includeInIndex = 0; path = ExamenPhinder.app; sourceTree = BUILT_PRODUCTS_DIR; };
		EAD3B94A2851785500AE46D7 /* ExamenPhinder.app */ = {isa = PBXFileReference; explicitFileType = wrapper.application; includeInIndex = 0; path = ExamenPhinder.app; sourceTree = BUILT_PRODUCTS_DIR; };
		EAD3B94C2851785500AE46D7 /* macOS.entitlements */ = {isa = PBXFileReference; lastKnownFileType = text.plist.entitlements; path = macOS.entitlements; sourceTree = "<group>"; };
		EAD3B9512851785500AE46D7 /* Tests iOS.xctest */ = {isa = PBXFileReference; explicitFileType = wrapper.cfbundle; includeInIndex = 0; path = "Tests iOS.xctest"; sourceTree = BUILT_PRODUCTS_DIR; };
		EAD3B9552851785500AE46D7 /* Tests_iOS.swift */ = {isa = PBXFileReference; lastKnownFileType = sourcecode.swift; path = Tests_iOS.swift; sourceTree = "<group>"; };
		EAD3B9572851785500AE46D7 /* Tests_iOSLaunchTests.swift */ = {isa = PBXFileReference; lastKnownFileType = sourcecode.swift; path = Tests_iOSLaunchTests.swift; sourceTree = "<group>"; };
		EAD3B95D2851785500AE46D7 /* Tests macOS.xctest */ = {isa = PBXFileReference; explicitFileType = wrapper.cfbundle; includeInIndex = 0; path = "Tests macOS.xctest"; sourceTree = BUILT_PRODUCTS_DIR; };
		EAD3B9612851785500AE46D7 /* Tests_macOS.swift */ = {isa = PBXFileReference; lastKnownFileType = sourcecode.swift; path = Tests_macOS.swift; sourceTree = "<group>"; };
		EAD3B9632851785500AE46D7 /* Tests_macOSLaunchTests.swift */ = {isa = PBXFileReference; lastKnownFileType = sourcecode.swift; path = Tests_macOSLaunchTests.swift; sourceTree = "<group>"; };
/* End PBXFileReference section */

/* Begin PBXFrameworksBuildPhase section */
		EAD3B9412851785500AE46D7 /* Frameworks */ = {
			isa = PBXFrameworksBuildPhase;
			buildActionMask = 2147483647;
			files = (
			);
			runOnlyForDeploymentPostprocessing = 0;
		};
		EAD3B9472851785500AE46D7 /* Frameworks */ = {
			isa = PBXFrameworksBuildPhase;
			buildActionMask = 2147483647;
			files = (
			);
			runOnlyForDeploymentPostprocessing = 0;
		};
		EAD3B94E2851785500AE46D7 /* Frameworks */ = {
			isa = PBXFrameworksBuildPhase;
			buildActionMask = 2147483647;
			files = (
			);
			runOnlyForDeploymentPostprocessing = 0;
		};
		EAD3B95A2851785500AE46D7 /* Frameworks */ = {
			isa = PBXFrameworksBuildPhase;
			buildActionMask = 2147483647;
			files = (
			);
			runOnlyForDeploymentPostprocessing = 0;
		};
/* End PBXFrameworksBuildPhase section */

/* Begin PBXGroup section */
		EAD3B9372851785200AE46D7 = {
			isa = PBXGroup;
			children = (
				EAD3B93C2851785200AE46D7 /* Shared */,
				EAD3B94B2851785500AE46D7 /* macOS */,
				EAD3B9542851785500AE46D7 /* Tests iOS */,
				EAD3B9602851785500AE46D7 /* Tests macOS */,
				EAD3B9452851785500AE46D7 /* Products */,
			);
			sourceTree = "<group>";
		};
		EAD3B93C2851785200AE46D7 /* Shared */ = {
			isa = PBXGroup;
			children = (
				EAD3B93D2851785200AE46D7 /* ExamenPhinderApp.swift */,
				EAD3B93E2851785200AE46D7 /* ContentView.swift */,
				EAD3B93F2851785500AE46D7 /* Assets.xcassets */,
			);
			path = Shared;
			sourceTree = "<group>";
		};
		EAD3B9452851785500AE46D7 /* Products */ = {
			isa = PBXGroup;
			children = (
				EAD3B9442851785500AE46D7 /* ExamenPhinder.app */,
				EAD3B94A2851785500AE46D7 /* ExamenPhinder.app */,
				EAD3B9512851785500AE46D7 /* Tests iOS.xctest */,
				EAD3B95D2851785500AE46D7 /* Tests macOS.xctest */,
			);
			name = Products;
			sourceTree = "<group>";
		};
		EAD3B94B2851785500AE46D7 /* macOS */ = {
			isa = PBXGroup;
			children = (
				EAD3B94C2851785500AE46D7 /* macOS.entitlements */,
			);
			path = macOS;
			sourceTree = "<group>";
		};
		EAD3B9542851785500AE46D7 /* Tests iOS */ = {
			isa = PBXGroup;
			children = (
				EAD3B9552851785500AE46D7 /* Tests_iOS.swift */,
				EAD3B9572851785500AE46D7 /* Tests_iOSLaunchTests.swift */,
			);
			path = "Tests iOS";
			sourceTree = "<group>";
		};
		EAD3B9602851785500AE46D7 /* Tests macOS */ = {
			isa = PBXGroup;
			children = (
				EAD3B9612851785500AE46D7 /* Tests_macOS.swift */,
				EAD3B9632851785500AE46D7 /* Tests_macOSLaunchTests.swift */,
			);
			path = "Tests macOS";
			sourceTree = "<group>";
		};
/* End PBXGroup section */

/* Begin PBXNativeTarget section */
		EAD3B9432851785500AE46D7 /* ExamenPhinder (iOS) */ = {
			isa = PBXNativeTarget;
			buildConfigurationList = EAD3B96D2851785500AE46D7 /* Build configuration list for PBXNativeTarget "ExamenPhinder (iOS)" */;
			buildPhases = (
				EAD3B9402851785500AE46D7 /* Sources */,
				EAD3B9412851785500AE46D7 /* Frameworks */,
				EAD3B9422851785500AE46D7 /* Resources */,
			);
			buildRules = (
			);
			dependencies = (
			);
			name = "ExamenPhinder (iOS)";
			productName = "ExamenPhinder (iOS)";
			productReference = EAD3B9442851785500AE46D7 /* ExamenPhinder.app */;
			productType = "com.apple.product-type.application";
		};
		EAD3B9492851785500AE46D7 /* ExamenPhinder (macOS) */ = {
			isa = PBXNativeTarget;
			buildConfigurationList = EAD3B9702851785500AE46D7 /* Build configuration list for PBXNativeTarget "ExamenPhinder (macOS)" */;
			buildPhases = (
				EAD3B9462851785500AE46D7 /* Sources */,
				EAD3B9472851785500AE46D7 /* Frameworks */,
				EAD3B9482851785500AE46D7 /* Resources */,
			);
			buildRules = (
			);
			dependencies = (
			);
			name = "ExamenPhinder (macOS)";
			productName = "ExamenPhinder (macOS)";
			productReference = EAD3B94A2851785500AE46D7 /* ExamenPhinder.app */;
			productType = "com.apple.product-type.application";
		};
		EAD3B9502851785500AE46D7 /* Tests iOS */ = {
			isa = PBXNativeTarget;
			buildConfigurationList = EAD3B9732851785500AE46D7 /* Build configuration list for PBXNativeTarget "Tests iOS" */;
			buildPhases = (
				EAD3B94D2851785500AE46D7 /* Sources */,
				EAD3B94E2851785500AE46D7 /* Frameworks */,
				EAD3B94F2851785500AE46D7 /* Resources */,
			);
			buildRules = (
			);
			dependencies = (
				EAD3B9532851785500AE46D7 /* PBXTargetDependency */,
			);
			name = "Tests iOS";
			productName = "Tests iOS";
			productReference = EAD3B9512851785500AE46D7 /* Tests iOS.xctest */;
			productType = "com.apple.product-type.bundle.ui-testing";
		};
		EAD3B95C2851785500AE46D7 /* Tests macOS */ = {
			isa = PBXNativeTarget;
			buildConfigurationList = EAD3B9762851785500AE46D7 /* Build configuration list for PBXNativeTarget "Tests macOS" */;
			buildPhases = (
				EAD3B9592851785500AE46D7 /* Sources */,
				EAD3B95A2851785500AE46D7 /* Frameworks */,
				EAD3B95B2851785500AE46D7 /* Resources */,
			);
			buildRules = (
			);
			dependencies = (
				EAD3B95F2851785500AE46D7 /* PBXTargetDependency */,
			);
			name = "Tests macOS";
			productName = "Tests macOS";
			productReference = EAD3B95D2851785500AE46D7 /* Tests macOS.xctest */;
			productType = "com.apple.product-type.bundle.ui-testing";
		};
/* End PBXNativeTarget section */

/* Begin PBXProject section */
		EAD3B9382851785200AE46D7 /* Project object */ = {
			isa = PBXProject;
			attributes = {
				BuildIndependentTargetsInParallel = 1;
				LastSwiftUpdateCheck = 1340;
				LastUpgradeCheck = 1340;
				TargetAttributes = {
					EAD3B9432851785500AE46D7 = {
						CreatedOnToolsVersion = 13.4.1;
					};
					EAD3B9492851785500AE46D7 = {
						CreatedOnToolsVersion = 13.4.1;
					};
					EAD3B9502851785500AE46D7 = {
						CreatedOnToolsVersion = 13.4.1;
						TestTargetID = EAD3B9432851785500AE46D7;
					};
					EAD3B95C2851785500AE46D7 = {
						CreatedOnToolsVersion = 13.4.1;
						TestTargetID = EAD3B9492851785500AE46D7;
					};
				};
			};
			buildConfigurationList = EAD3B93B2851785200AE46D7 /* Build configuration list for PBXProject "ExamenPhinder" */;
			compatibilityVersion = "Xcode 13.0";
			developmentRegion = en;
			hasScannedForEncodings = 0;
			knownRegions = (
				en,
				Base,
			);
			mainGroup = EAD3B9372851785200AE46D7;
			productRefGroup = EAD3B9452851785500AE46D7 /* Products */;
			projectDirPath = "";
			projectRoot = "";
			targets = (
				EAD3B9432851785500AE46D7 /* ExamenPhinder (iOS) */,
				EAD3B9492851785500AE46D7 /* ExamenPhinder (macOS) */,
				EAD3B9502851785500AE46D7 /* Tests iOS */,
				EAD3B95C2851785500AE46D7 /* Tests macOS */,
			);
		};
/* End PBXProject section */

/* Begin PBXResourcesBuildPhase section */
		EAD3B9422851785500AE46D7 /* Resources */ = {
			isa = PBXResourcesBuildPhase;
			buildActionMask = 2147483647;
			files = (
				EAD3B9692851785500AE46D7 /* Assets.xcassets in Resources */,
			);
			runOnlyForDeploymentPostprocessing = 0;
		};
		EAD3B9482851785500AE46D7 /* Resources */ = {
			isa = PBXResourcesBuildPhase;
			buildActionMask = 2147483647;
			files = (
				EAD3B96A2851785500AE46D7 /* Assets.xcassets in Resources */,
			);
			runOnlyForDeploymentPostprocessing = 0;
		};
		EAD3B94F2851785500AE46D7 /* Resources */ = {
			isa = PBXResourcesBuildPhase;
			buildActionMask = 2147483647;
			files = (
			);
			runOnlyForDeploymentPostprocessing = 0;
		};
		EAD3B95B2851785500AE46D7 /* Resources */ = {
			isa = PBXResourcesBuildPhase;
			buildActionMask = 2147483647;
			files = (
			);
			runOnlyForDeploymentPostprocessing = 0;
		};
/* End PBXResourcesBuildPhase section */

/* Begin PBXSourcesBuildPhase section */
		EAD3B9402851785500AE46D7 /* Sources */ = {
			isa = PBXSourcesBuildPhase;
			buildActionMask = 2147483647;
			files = (
				EAD3B9672851785500AE46D7 /* ContentView.swift in Sources */,
				EAD3B9652851785500AE46D7 /* ExamenPhinderApp.swift in Sources */,
			);
			runOnlyForDeploymentPostprocessing = 0;
		};
		EAD3B9462851785500AE46D7 /* Sources */ = {
			isa = PBXSourcesBuildPhase;
			buildActionMask = 2147483647;
			files = (
				EAD3B9682851785500AE46D7 /* ContentView.swift in Sources */,
				EAD3B9662851785500AE46D7 /* ExamenPhinderApp.swift in Sources */,
			);
			runOnlyForDeploymentPostprocessing = 0;
		};
		EAD3B94D2851785500AE46D7 /* Sources */ = {
			isa = PBXSourcesBuildPhase;
			buildActionMask = 2147483647;
			files = (
				EAD3B9582851785500AE46D7 /* Tests_iOSLaunchTests.swift in Sources */,
				EAD3B9562851785500AE46D7 /* Tests_iOS.swift in Sources */,
			);
			runOnlyForDeploymentPostprocessing = 0;
		};
		EAD3B9592851785500AE46D7 /* Sources */ = {
			isa = PBXSourcesBuildPhase;
			buildActionMask = 2147483647;
			files = (
				EAD3B9642851785500AE46D7 /* Tests_macOSLaunchTests.swift in Sources */,
				EAD3B9622851785500AE46D7 /* Tests_macOS.swift in Sources */,
			);
			runOnlyForDeploymentPostprocessing = 0;
		};
/* End PBXSourcesBuildPhase section */

/* Begin PBXTargetDependency section */
		EAD3B9532851785500AE46D7 /* PBXTargetDependency */ = {
			isa = PBXTargetDependency;
			target = EAD3B9432851785500AE46D7 /* ExamenPhinder (iOS) */;
			targetProxy = EAD3B9522851785500AE46D7 /* PBXContainerItemProxy */;
		};
		EAD3B95F2851785500AE46D7 /* PBXTargetDependency */ = {
			isa = PBXTargetDependency;
			target = EAD3B9492851785500AE46D7 /* ExamenPhinder (macOS) */;
			targetProxy = EAD3B95E2851785500AE46D7 /* PBXContainerItemProxy */;
		};
/* End PBXTargetDependency section */

/* Begin XCBuildConfiguration section */
		EAD3B96B2851785500AE46D7 /* Debug */ = {
			isa = XCBuildConfiguration;
			buildSettings = {
				ALWAYS_SEARCH_USER_PATHS = NO;
				CLANG_ANALYZER_NONNULL = YES;
				CLANG_ANALYZER_NUMBER_OBJECT_CONVERSION = YES_AGGRESSIVE;
				CLANG_CXX_LANGUAGE_STANDARD = "gnu++17";
				CLANG_ENABLE_MODULES = YES;
				CLANG_ENABLE_OBJC_ARC = YES;
				CLANG_ENABLE_OBJC_WEAK = YES;
				CLANG_WARN_BLOCK_CAPTURE_AUTORELEASING = YES;
				CLANG_WARN_BOOL_CONVERSION = YES;
				CLANG_WARN_COMMA = YES;
				CLANG_WARN_CONSTANT_CONVERSION = YES;
				CLANG_WARN_DEPRECATED_OBJC_IMPLEMENTATIONS = YES;
				CLANG_WARN_DIRECT_OBJC_ISA_USAGE = YES_ERROR;
				CLANG_WARN_DOCUMENTATION_COMMENTS = YES;
				CLANG_WARN_EMPTY_BODY = YES;
				CLANG_WARN_ENUM_CONVERSION = YES;
				CLANG_WARN_INFINITE_RECURSION = YES;
				CLANG_WARN_INT_CONVERSION = YES;
				CLANG_WARN_NON_LITERAL_NULL_CONVERSION = YES;
				CLANG_WARN_OBJC_IMPLICIT_RETAIN_SELF = YES;
				CLANG_WARN_OBJC_LITERAL_CONVERSION = YES;
				CLANG_WARN_OBJC_ROOT_CLASS = YES_ERROR;
				CLANG_WARN_QUOTED_INCLUDE_IN_FRAMEWORK_HEADER = YES;
				CLANG_WARN_RANGE_LOOP_ANALYSIS = YES;
				CLANG_WARN_STRICT_PROTOTYPES = YES;
				CLANG_WARN_SUSPICIOUS_MOVE = YES;
				CLANG_WARN_UNGUARDED_AVAILABILITY = YES_AGGRESSIVE;
				CLANG_WARN_UNREACHABLE_CODE = YES;
				CLANG_WARN__DUPLICATE_METHOD_MATCH = YES;
				COPY_PHASE_STRIP = NO;
				DEBUG_INFORMATION_FORMAT = dwarf;
				ENABLE_STRICT_OBJC_MSGSEND = YES;
				ENABLE_TESTABILITY = YES;
				GCC_C_LANGUAGE_STANDARD = gnu11;
				GCC_DYNAMIC_NO_PIC = NO;
				GCC_NO_COMMON_BLOCKS = YES;
				GCC_OPTIMIZATION_LEVEL = 0;
				GCC_PREPROCESSOR_DEFINITIONS = (
					"DEBUG=1",
					"$(inherited)",
				);
				GCC_WARN_64_TO_32_BIT_CONVERSION = YES;
				GCC_WARN_ABOUT_RETURN_TYPE = YES_ERROR;
				GCC_WARN_UNDECLARED_SELECTOR = YES;
				GCC_WARN_UNINITIALIZED_AUTOS = YES_AGGRESSIVE;
				GCC_WARN_UNUSED_FUNCTION = YES;
				GCC_WARN_UNUSED_VARIABLE = YES;
				MTL_ENABLE_DEBUG_INFO = INCLUDE_SOURCE;
				MTL_FAST_MATH = YES;
				ONLY_ACTIVE_ARCH = YES;
				SWIFT_ACTIVE_COMPILATION_CONDITIONS = DEBUG;
				SWIFT_OPTIMIZATION_LEVEL = "-Onone";
			};
			name = Debug;
		};
		EAD3B96C2851785500AE46D7 /* Release */ = {
			isa = XCBuildConfiguration;
			buildSettings = {
				ALWAYS_SEARCH_USER_PATHS = NO;
				CLANG_ANALYZER_NONNULL = YES;
				CLANG_ANALYZER_NUMBER_OBJECT_CONVERSION = YES_AGGRESSIVE;
				CLANG_CXX_LANGUAGE_STANDARD = "gnu++17";
				CLANG_ENABLE_MODULES = YES;
				CLANG_ENABLE_OBJC_ARC = YES;
				CLANG_ENABLE_OBJC_WEAK = YES;
				CLANG_WARN_BLOCK_CAPTURE_AUTORELEASING = YES;
				CLANG_WARN_BOOL_CONVERSION = YES;
				CLANG_WARN_COMMA = YES;
				CLANG_WARN_CONSTANT_CONVERSION = YES;
				CLANG_WARN_DEPRECATED_OBJC_IMPLEMENTATIONS = YES;
				CLANG_WARN_DIRECT_OBJC_ISA_USAGE = YES_ERROR;
				CLANG_WARN_DOCUMENTATION_COMMENTS = YES;
				CLANG_WARN_EMPTY_BODY = YES;
				CLANG_WARN_ENUM_CONVERSION = YES;
				CLANG_WARN_INFINITE_RECURSION = YES;
				CLANG_WARN_INT_CONVERSION = YES;
				CLANG_WARN_NON_LITERAL_NULL_CONVERSION = YES;
				CLANG_WARN_OBJC_IMPLICIT_RETAIN_SELF = YES;
				CLANG_WARN_OBJC_LITERAL_CONVERSION = YES;
				CLANG_WARN_OBJC_ROOT_CLASS = YES_ERROR;
				CLANG_WARN_QUOTED_INCLUDE_IN_FRAMEWORK_HEADER = YES;
				CLANG_WARN_RANGE_LOOP_ANALYSIS = YES;
				CLANG_WARN_STRICT_PROTOTYPES = YES;
				CLANG_WARN_SUSPICIOUS_MOVE = YES;
				CLANG_WARN_UNGUARDED_AVAILABILITY = YES_AGGRESSIVE;
				CLANG_WARN_UNREACHABLE_CODE = YES;
				CLANG_WARN__DUPLICATE_METHOD_MATCH = YES;
				COPY_PHASE_STRIP = NO;
				DEBUG_INFORMATION_FORMAT = "dwarf-with-dsym";
				ENABLE_NS_ASSERTIONS = NO;
				ENABLE_STRICT_OBJC_MSGSEND = YES;
				GCC_C_LANGUAGE_STANDARD = gnu11;
				GCC_NO_COMMON_BLOCKS = YES;
				GCC_WARN_64_TO_32_BIT_CONVERSION = YES;
				GCC_WARN_ABOUT_RETURN_TYPE = YES_ERROR;
				GCC_WARN_UNDECLARED_SELECTOR = YES;
				GCC_WARN_UNINITIALIZED_AUTOS = YES_AGGRESSIVE;
				GCC_WARN_UNUSED_FUNCTION = YES;
				GCC_WARN_UNUSED_VARIABLE = YES;
				MTL_ENABLE_DEBUG_INFO = NO;
				MTL_FAST_MATH = YES;
				SWIFT_COMPILATION_MODE = wholemodule;
				SWIFT_OPTIMIZATION_LEVEL = "-O";
			};
			name = Release;
		};
		EAD3B96E2851785500AE46D7 /* Debug */ = {
			isa = XCBuildConfiguration;
			buildSettings = {
				ASSETCATALOG_COMPILER_APPICON_NAME = AppIcon;
				ASSETCATALOG_COMPILER_GLOBAL_ACCENT_COLOR_NAME = AccentColor;
				CODE_SIGN_STYLE = Automatic;
				CURRENT_PROJECT_VERSION = 1;
				DEVELOPMENT_TEAM = 4PL6HSR297;
				ENABLE_PREVIEWS = YES;
				GENERATE_INFOPLIST_FILE = YES;
				INFOPLIST_KEY_UIApplicationSceneManifest_Generation = YES;
				INFOPLIST_KEY_UIApplicationSupportsIndirectInputEvents = YES;
				INFOPLIST_KEY_UILaunchScreen_Generation = YES;
				INFOPLIST_KEY_UISupportedInterfaceOrientations_iPad = "UIInterfaceOrientationPortrait UIInterfaceOrientationPortraitUpsideDown UIInterfaceOrientationLandscapeLeft UIInterfaceOrientationLandscapeRight";
				INFOPLIST_KEY_UISupportedInterfaceOrientations_iPhone = "UIInterfaceOrientationPortrait UIInterfaceOrientationLandscapeLeft UIInterfaceOrientationLandscapeRight";
				IPHONEOS_DEPLOYMENT_TARGET = 15.5;
				LD_RUNPATH_SEARCH_PATHS = (
					"$(inherited)",
					"@executable_path/Frameworks",
				);
				MARKETING_VERSION = 1.0;
				PRODUCT_BUNDLE_IDENTIFIER = cisneNegro.ExamenPhinder;
				PRODUCT_NAME = ExamenPhinder;
				SDKROOT = iphoneos;
				SWIFT_EMIT_LOC_STRINGS = YES;
				SWIFT_VERSION = 5.0;
				TARGETED_DEVICE_FAMILY = "1,2";
			};
			name = Debug;
		};
		EAD3B96F2851785500AE46D7 /* Release */ = {
			isa = XCBuildConfiguration;
			buildSettings = {
				ASSETCATALOG_COMPILER_APPICON_NAME = AppIcon;
				ASSETCATALOG_COMPILER_GLOBAL_ACCENT_COLOR_NAME = AccentColor;
				CODE_SIGN_STYLE = Automatic;
				CURRENT_PROJECT_VERSION = 1;
				DEVELOPMENT_TEAM = 4PL6HSR297;
				ENABLE_PREVIEWS = YES;
				GENERATE_INFOPLIST_FILE = YES;
				INFOPLIST_KEY_UIApplicationSceneManifest_Generation = YES;
				INFOPLIST_KEY_UIApplicationSupportsIndirectInputEvents = YES;
				INFOPLIST_KEY_UILaunchScreen_Generation = YES;
				INFOPLIST_KEY_UISupportedInterfaceOrientations_iPad = "UIInterfaceOrientationPortrait UIInterfaceOrientationPortraitUpsideDown UIInterfaceOrientationLandscapeLeft UIInterfaceOrientationLandscapeRight";
				INFOPLIST_KEY_UISupportedInterfaceOrientations_iPhone = "UIInterfaceOrientationPortrait UIInterfaceOrientationLandscapeLeft UIInterfaceOrientationLandscapeRight";
				IPHONEOS_DEPLOYMENT_TARGET = 15.5;
				LD_RUNPATH_SEARCH_PATHS = (
					"$(inherited)",
					"@executable_path/Frameworks",
				);
				MARKETING_VERSION = 1.0;
				PRODUCT_BUNDLE_IDENTIFIER = cisneNegro.ExamenPhinder;
				PRODUCT_NAME = ExamenPhinder;
				SDKROOT = iphoneos;
				SWIFT_EMIT_LOC_STRINGS = YES;
				SWIFT_VERSION = 5.0;
				TARGETED_DEVICE_FAMILY = "1,2";
				VALIDATE_PRODUCT = YES;
			};
			name = Release;
		};
		EAD3B9712851785500AE46D7 /* Debug */ = {
			isa = XCBuildConfiguration;
			buildSettings = {
				ASSETCATALOG_COMPILER_APPICON_NAME = AppIcon;
				ASSETCATALOG_COMPILER_GLOBAL_ACCENT_COLOR_NAME = AccentColor;
				CODE_SIGN_ENTITLEMENTS = macOS/macOS.entitlements;
				CODE_SIGN_STYLE = Automatic;
				COMBINE_HIDPI_IMAGES = YES;
				CURRENT_PROJECT_VERSION = 1;
				DEVELOPMENT_TEAM = 4PL6HSR297;
				ENABLE_HARDENED_RUNTIME = YES;
				ENABLE_PREVIEWS = YES;
				GENERATE_INFOPLIST_FILE = YES;
				INFOPLIST_KEY_NSHumanReadableCopyright = "";
				LD_RUNPATH_SEARCH_PATHS = (
					"$(inherited)",
					"@executable_path/../Frameworks",
				);
				MACOSX_DEPLOYMENT_TARGET = 12.3;
				MARKETING_VERSION = 1.0;
				PRODUCT_BUNDLE_IDENTIFIER = cisneNegro.ExamenPhinder;
				PRODUCT_NAME = ExamenPhinder;
				SDKROOT = macosx;
				SWIFT_EMIT_LOC_STRINGS = YES;
				SWIFT_VERSION = 5.0;
			};
			name = Debug;
		};
		EAD3B9722851785500AE46D7 /* Release */ = {
			isa = XCBuildConfiguration;
			buildSettings = {
				ASSETCATALOG_COMPILER_APPICON_NAME = AppIcon;
				ASSETCATALOG_COMPILER_GLOBAL_ACCENT_COLOR_NAME = AccentColor;
				CODE_SIGN_ENTITLEMENTS = macOS/macOS.entitlements;
				CODE_SIGN_STYLE = Automatic;
				COMBINE_HIDPI_IMAGES = YES;
				CURRENT_PROJECT_VERSION = 1;
				DEVELOPMENT_TEAM = 4PL6HSR297;
				ENABLE_HARDENED_RUNTIME = YES;
				ENABLE_PREVIEWS = YES;
				GENERATE_INFOPLIST_FILE = YES;
				INFOPLIST_KEY_NSHumanReadableCopyright = "";
				LD_RUNPATH_SEARCH_PATHS = (
					"$(inherited)",
					"@executable_path/../Frameworks",
				);
				MACOSX_DEPLOYMENT_TARGET = 12.3;
				MARKETING_VERSION = 1.0;
				PRODUCT_BUNDLE_IDENTIFIER = cisneNegro.ExamenPhinder;
				PRODUCT_NAME = ExamenPhinder;
				SDKROOT = macosx;
				SWIFT_EMIT_LOC_STRINGS = YES;
				SWIFT_VERSION = 5.0;
			};
			name = Release;
		};
		EAD3B9742851785500AE46D7 /* Debug */ = {
			isa = XCBuildConfiguration;
			buildSettings = {
				ALWAYS_EMBED_SWIFT_STANDARD_LIBRARIES = YES;
				CODE_SIGN_STYLE = Automatic;
				CURRENT_PROJECT_VERSION = 1;
				DEVELOPMENT_TEAM = 4PL6HSR297;
				GENERATE_INFOPLIST_FILE = YES;
				IPHONEOS_DEPLOYMENT_TARGET = 15.5;
				MARKETING_VERSION = 1.0;
				PRODUCT_BUNDLE_IDENTIFIER = "cisneNegro.Tests-iOS";
				PRODUCT_NAME = "$(TARGET_NAME)";
				SDKROOT = iphoneos;
				SWIFT_EMIT_LOC_STRINGS = NO;
				SWIFT_VERSION = 5.0;
				TARGETED_DEVICE_FAMILY = "1,2";
				TEST_TARGET_NAME = "ExamenPhinder (iOS)";
			};
			name = Debug;
		};
		EAD3B9752851785500AE46D7 /* Release */ = {
			isa = XCBuildConfiguration;
			buildSettings = {
				ALWAYS_EMBED_SWIFT_STANDARD_LIBRARIES = YES;
				CODE_SIGN_STYLE = Automatic;
				CURRENT_PROJECT_VERSION = 1;
				DEVELOPMENT_TEAM = 4PL6HSR297;
				GENERATE_INFOPLIST_FILE = YES;
				IPHONEOS_DEPLOYMENT_TARGET = 15.5;
				MARKETING_VERSION = 1.0;
				PRODUCT_BUNDLE_IDENTIFIER = "cisneNegro.Tests-iOS";
				PRODUCT_NAME = "$(TARGET_NAME)";
				SDKROOT = iphoneos;
				SWIFT_EMIT_LOC_STRINGS = NO;
				SWIFT_VERSION = 5.0;
				TARGETED_DEVICE_FAMILY = "1,2";
				TEST_TARGET_NAME = "ExamenPhinder (iOS)";
				VALIDATE_PRODUCT = YES;
			};
			name = Release;
		};
		EAD3B9772851785500AE46D7 /* Debug */ = {
			isa = XCBuildConfiguration;
			buildSettings = {
				ALWAYS_EMBED_SWIFT_STANDARD_LIBRARIES = YES;
				CODE_SIGN_STYLE = Automatic;
				CURRENT_PROJECT_VERSION = 1;
				DEVELOPMENT_TEAM = 4PL6HSR297;
				GENERATE_INFOPLIST_FILE = YES;
				MACOSX_DEPLOYMENT_TARGET = 12.3;
				MARKETING_VERSION = 1.0;
				PRODUCT_BUNDLE_IDENTIFIER = "cisneNegro.Tests-macOS";
				PRODUCT_NAME = "$(TARGET_NAME)";
				SDKROOT = macosx;
				SWIFT_EMIT_LOC_STRINGS = NO;
				SWIFT_VERSION = 5.0;
				TEST_TARGET_NAME = "ExamenPhinder (macOS)";
			};
			name = Debug;
		};
		EAD3B9782851785500AE46D7 /* Release */ = {
			isa = XCBuildConfiguration;
			buildSettings = {
				ALWAYS_EMBED_SWIFT_STANDARD_LIBRARIES = YES;
				CODE_SIGN_STYLE = Automatic;
				CURRENT_PROJECT_VERSION = 1;
				DEVELOPMENT_TEAM = 4PL6HSR297;
				GENERATE_INFOPLIST_FILE = YES;
				MACOSX_DEPLOYMENT_TARGET = 12.3;
				MARKETING_VERSION = 1.0;
				PRODUCT_BUNDLE_IDENTIFIER = "cisneNegro.Tests-macOS";
				PRODUCT_NAME = "$(TARGET_NAME)";
				SDKROOT = macosx;
				SWIFT_EMIT_LOC_STRINGS = NO;
				SWIFT_VERSION = 5.0;
				TEST_TARGET_NAME = "ExamenPhinder (macOS)";
			};
			name = Release;
		};
/* End XCBuildConfiguration section */

/* Begin XCConfigurationList section */
		EAD3B93B2851785200AE46D7 /* Build configuration list for PBXProject "ExamenPhinder" */ = {
			isa = XCConfigurationList;
			buildConfigurations = (
				EAD3B96B2851785500AE46D7 /* Debug */,
				EAD3B96C2851785500AE46D7 /* Release */,
			);
			defaultConfigurationIsVisible = 0;
			defaultConfigurationName = Release;
		};
		EAD3B96D2851785500AE46D7 /* Build configuration list for PBXNativeTarget "ExamenPhinder (iOS)" */ = {
			isa = XCConfigurationList;
			buildConfigurations = (
				EAD3B96E2851785500AE46D7 /* Debug */,
				EAD3B96F2851785500AE46D7 /* Release */,
			);
			defaultConfigurationIsVisible = 0;
			defaultConfigurationName = Release;
		};
		EAD3B9702851785500AE46D7 /* Build configuration list for PBXNativeTarget "ExamenPhinder (macOS)" */ = {
			isa = XCConfigurationList;
			buildConfigurations = (
				EAD3B9712851785500AE46D7 /* Debug */,
				EAD3B9722851785500AE46D7 /* Release */,
			);
			defaultConfigurationIsVisible = 0;
			defaultConfigurationName = Release;
		};
		EAD3B9732851785500AE46D7 /* Build configuration list for PBXNativeTarget "Tests iOS" */ = {
			isa = XCConfigurationList;
			buildConfigurations = (
				EAD3B9742851785500AE46D7 /* Debug */,
				EAD3B9752851785500AE46D7 /* Release */,
			);
			defaultConfigurationIsVisible = 0;
			defaultConfigurationName = Release;
		};
		EAD3B9762851785500AE46D7 /* Build configuration list for PBXNativeTarget "Tests macOS" */ = {
			isa = XCConfigurationList;
			buildConfigurations = (
				EAD3B9772851785500AE46D7 /* Debug */,
				EAD3B9782851785500AE46D7 /* Release */,
			);
			defaultConfigurationIsVisible = 0;
			defaultConfigurationName = Release;
		};
/* End XCConfigurationList section */
	};
	rootObject = EAD3B9382851785200AE46D7 /* Project object */;
}
